
Microsoft Visual Studio Solution File, Format Version 11.00
# Visual Studio 2010
Project("{8BC9CEB8-8B4A-11D0-8D11-00A0C91BC942}") = "Bank Account", "Bank Account\Bank Account.vcxproj", "{F04F9C46-2380-4726-9863-8E9F228B2CDD}"
EndProject
Global
	GlobalSection(SolutionConfigurationPlatforms) = preSolution
		Debug|Win32 = Debug|Win32
		Release|Win32 = Release|Win32
	EndGlobalSection
	GlobalSection(ProjectConfigurationPlatforms) = postSolution
		{F04F9C46-2380-4726-9863-8E9F228B2CDD}.Debug|Win32.ActiveCfg = Debug|Win32
		{F04F9C46-2380-4726-9863-8E9F228B2CDD}.Debug|Win32.Build.0 = Debug|Win32
		{F04F9C46-2380-4726-9863-8E9F228B2CDD}.Release|Win32.ActiveCfg = Release|Win32
		{F04F9C46-2380-4726-9863-8E9F228B2CDD}.Release|Win32.Build.0 = Release|Win32
	EndGlobalSection
	GlobalSection(SolutionProperties) = preSolution
		HideSolutionNode = FALSE
	EndGlobalSection
EndGlobal
